
Microsoft Visual Studio Solution File, Format Version 12.00
# Visual Studio Version 17
VisualStudioVersion = 17.13.35825.156 d17.13
MinimumVisualStudioVersion = 10.0.40219.1
Project("{FAE04EC0-301F-11D3-BF4B-00C04F79EFBC}") = "FrejaClient", "FrejaClient\FrejaClient.csproj", "{7B061081-FED5-4359-A197-1AB2E8F1ADC9}"
EndProject
Project("{FAE04EC0-301F-11D3-BF4B-00C04F79EFBC}") = "FrejaClientTests", "FrejaClientTests\FrejaClientTests.csproj", "{1888D873-F3E6-4A6A-ACA5-728B881C0291}"
EndProject
Global
	GlobalSection(SolutionConfigurationPlatforms) = preSolution
		Debug|Any CPU = Debug|Any CPU
		Release|Any CPU = Release|Any CPU
	EndGlobalSection
	GlobalSection(ProjectConfigurationPlatforms) = postSolution
		{7B061081-FED5-4359-A197-1AB2E8F1ADC9}.Debug|Any CPU.ActiveCfg = Debug|Any CPU
		{7B061081-FED5-4359-A197-1AB2E8F1ADC9}.Debug|Any CPU.Build.0 = Debug|Any CPU
		{7B061081-FED5-4359-A197-1AB2E8F1ADC9}.Release|Any CPU.ActiveCfg = Release|Any CPU
		{7B061081-FED5-4359-A197-1AB2E8F1ADC9}.Release|Any CPU.Build.0 = Release|Any CPU
		{1888D873-F3E6-4A6A-ACA5-728B881C0291}.Debug|Any CPU.ActiveCfg = Debug|Any CPU
		{1888D873-F3E6-4A6A-ACA5-728B881C0291}.Debug|Any CPU.Build.0 = Debug|Any CPU
		{1888D873-F3E6-4A6A-ACA5-728B881C0291}.Release|Any CPU.ActiveCfg = Release|Any CPU
		{1888D873-F3E6-4A6A-ACA5-728B881C0291}.Release|Any CPU.Build.0 = Release|Any CPU
	EndGlobalSection
	GlobalSection(SolutionProperties) = preSolution
		HideSolutionNode = FALSE
	EndGlobalSection
	GlobalSection(ExtensibilityGlobals) = postSolution
		SolutionGuid = {CCAA2753-9C56-4455-B94B-1F44F3CDC90F}
	EndGlobalSection
EndGlobal
